// !$*UTF8*$!
{
	archiveVersion = 1;
	classes = {
	};
	objectVersion = 46;
	objects = {

/* Begin PBXBuildFile section */
		8674AEE51C6F783D0041A7D3 /* sushi1.png in Resources */ = {isa = PBXBuildFile; fileRef = 8674AEE41C6F783D0041A7D3 /* sushi1.png */; };
		8674AEE71C6F78430041A7D3 /* sushi2.png in Resources */ = {isa = PBXBuildFile; fileRef = 8674AEE61C6F78430041A7D3 /* sushi2.png */; };
		8674AEE91C6F784B0041A7D3 /* sushi3.png in Resources */ = {isa = PBXBuildFile; fileRef = 8674AEE81C6F784B0041A7D3 /* sushi3.png */; };
		8687BABF1BDF966600BFE906 /* AppDelegate.swift in Sources */ = {isa = PBXBuildFile; fileRef = 8687BABE1BDF966600BFE906 /* AppDelegate.swift */; };
		8687BAC11BDF966600BFE906 /* ViewController.swift in Sources */ = {isa = PBXBuildFile; fileRef = 8687BAC01BDF966600BFE906 /* ViewController.swift */; };
		8687BAC41BDF966600BFE906 /* Main.storyboard in Resources */ = {isa = PBXBuildFile; fileRef = 8687BAC21BDF966600BFE906 /* Main.storyboard */; };
		8687BAC61BDF966600BFE906 /* Assets.xcassets in Resources */ = {isa = PBXBuildFile; fileRef = 8687BAC51BDF966600BFE906 /* Assets.xcassets */; };
		8687BAC91BDF966600BFE906 /* LaunchScreen.storyboard in Resources */ = {isa = PBXBuildFile; fileRef = 8687BAC71BDF966600BFE906 /* LaunchScreen.storyboard */; };
		8687BADF1BDF966700BFE906 /* Sushi_GameUITests.swift in Sources */ = {isa = PBXBuildFile; fileRef = 8687BADE1BDF966700BFE906 /* Sushi_GameUITests.swift */; };
		8693F1981C0483A8004FFB94 /* chopsticks.png in Resources */ = {isa = PBXBuildFile; fileRef = 8693F1971C0483A8004FFB94 /* chopsticks.png */; };
		86C40C421C712EEF001DA002 /* bentobox_new.png in Resources */ = {isa = PBXBuildFile; fileRef = 86C40C411C712EEF001DA002 /* bentobox_new.png */; };
/* End PBXBuildFile section */

/* Begin PBXContainerItemProxy section */
		8687BAD01BDF966700BFE906 /* PBXContainerItemProxy */ = {
			isa = PBXContainerItemProxy;
			containerPortal = 8687BAB31BDF966600BFE906 /* Project object */;
			proxyType = 1;
			remoteGlobalIDString = 8687BABA1BDF966600BFE906;
			remoteInfo = Sushi_Game;
		};
		8687BADB1BDF966700BFE906 /* PBXContainerItemProxy */ = {
			isa = PBXContainerItemProxy;
			containerPortal = 8687BAB31BDF966600BFE906 /* Project object */;
			proxyType = 1;
			remoteGlobalIDString = 8687BABA1BDF966600BFE906;
			remoteInfo = Sushi_Game;
		};
/* End PBXContainerItemProxy section */

/* Begin PBXFileReference section */
		8674AEE41C6F783D0041A7D3 /* sushi1.png */ = {isa = PBXFileReference; lastKnownFileType = image.png; path = sushi1.png; sourceTree = "<group>"; };
		8674AEE61C6F78430041A7D3 /* sushi2.png */ = {isa = PBXFileReference; lastKnownFileType = image.png; path = sushi2.png; sourceTree = "<group>"; };
		8674AEE81C6F784B0041A7D3 /* sushi3.png */ = {isa = PBXFileReference; lastKnownFileType = image.png; path = sushi3.png; sourceTree = "<group>"; };
		8687BABB1BDF966600BFE906 /* Sushi_Game.app */ = {isa = PBXFileReference; explicitFileType = wrapper.application; includeInIndex = 0; path = Sushi_Game.app; sourceTree = BUILT_PRODUCTS_DIR; };
		8687BABE1BDF966600BFE906 /* AppDelegate.swift */ = {isa = PBXFileReference; lastKnownFileType = sourcecode.swift; path = AppDelegate.swift; sourceTree = "<group>"; };
		8687BAC01BDF966600BFE906 /* ViewController.swift */ = {isa = PBXFileReference; lastKnownFileType = sourcecode.swift; path = ViewController.swift; sourceTree = "<group>"; };
		8687BAC31BDF966600BFE906 /* Base */ = {isa = PBXFileReference; lastKnownFileType = file.storyboard; name = Base; path = Base.lproj/Main.storyboard; sourceTree = "<group>"; };
		8687BAC51BDF966600BFE906 /* Assets.xcassets */ = {isa = PBXFileReference; lastKnownFileType = folder.assetcatalog; path = Assets.xcassets; sourceTree = "<group>"; };
		8687BAC81BDF966600BFE906 /* Base */ = {isa = PBXFileReference; lastKnownFileType = file.storyboard; name = Base; path = Base.lproj/LaunchScreen.storyboard; sourceTree = "<group>"; };
		8687BACA1BDF966600BFE906 /* Info.plist */ = {isa = PBXFileReference; lastKnownFileType = text.plist.xml; path = Info.plist; sourceTree = "<group>"; };
		8687BACF1BDF966700BFE906 /* Sushi_GameTests.xctest */ = {isa = PBXFileReference; explicitFileType = wrapper.cfbundle; includeInIndex = 0; path = Sushi_GameTests.xctest; sourceTree = BUILT_PRODUCTS_DIR; };
		8687BADA1BDF966700BFE906 /* Sushi_GameUITests.xctest */ = {isa = PBXFileReference; explicitFileType = wrapper.cfbundle; includeInIndex = 0; path = Sushi_GameUITests.xctest; sourceTree = BUILT_PRODUCTS_DIR; };
		8687BADE1BDF966700BFE906 /* Sushi_GameUITests.swift */ = {isa = PBXFileReference; lastKnownFileType = sourcecode.swift; path = Sushi_GameUITests.swift; sourceTree = "<group>"; };
		8687BAE01BDF966700BFE906 /* Info.plist */ = {isa = PBXFileReference; lastKnownFileType = text.plist.xml; path = Info.plist; sourceTree = "<group>"; };
		8693F1971C0483A8004FFB94 /* chopsticks.png */ = {isa = PBXFileReference; lastKnownFileType = image.png; path = chopsticks.png; sourceTree = "<group>"; };
		86C40C411C712EEF001DA002 /* bentobox_new.png */ = {isa = PBXFileReference; lastKnownFileType = image.png; path = bentobox_new.png; sourceTree = "<group>"; };
/* End PBXFileReference section */

/* Begin PBXFrameworksBuildPhase section */
		8687BAB81BDF966600BFE906 /* Frameworks */ = {
			isa = PBXFrameworksBuildPhase;
			buildActionMask = 2147483647;
			files = (
			);
			runOnlyForDeploymentPostprocessing = 0;
		};
		8687BACC1BDF966700BFE906 /* Frameworks */ = {
			isa = PBXFrameworksBuildPhase;
			buildActionMask = 2147483647;
			files = (
			);
			runOnlyForDeploymentPostprocessing = 0;
		};
		8687BAD71BDF966700BFE906 /* Frameworks */ = {
			isa = PBXFrameworksBuildPhase;
			buildActionMask = 2147483647;
			files = (
			);
			runOnlyForDeploymentPostprocessing = 0;
		};
/* End PBXFrameworksBuildPhase section */

/* Begin PBXGroup section */
		8687BAB21BDF966600BFE906 = {
			isa = PBXGroup;
			children = (
				8687BABD1BDF966600BFE906 /* Sushi_Game */,
				8687BADD1BDF966700BFE906 /* Sushi_GameUITests */,
				8687BABC1BDF966600BFE906 /* Products */,
			);
			sourceTree = "<group>";
		};
		8687BABC1BDF966600BFE906 /* Products */ = {
			isa = PBXGroup;
			children = (
				8687BABB1BDF966600BFE906 /* Sushi_Game.app */,
				8687BACF1BDF966700BFE906 /* Sushi_GameTests.xctest */,
				8687BADA1BDF966700BFE906 /* Sushi_GameUITests.xctest */,
			);
			name = Products;
			sourceTree = "<group>";
		};
		8687BABD1BDF966600BFE906 /* Sushi_Game */ = {
			isa = PBXGroup;
			children = (
				8687BAEE1BDF9B4300BFE906 /* assets */,
				8687BABE1BDF966600BFE906 /* AppDelegate.swift */,
				8687BAC01BDF966600BFE906 /* ViewController.swift */,
				8687BAC21BDF966600BFE906 /* Main.storyboard */,
				8687BAC51BDF966600BFE906 /* Assets.xcassets */,
				8687BAC71BDF966600BFE906 /* LaunchScreen.storyboard */,
				8687BACA1BDF966600BFE906 /* Info.plist */,
			);
			path = Sushi_Game;
			sourceTree = "<group>";
		};
		8687BADD1BDF966700BFE906 /* Sushi_GameUITests */ = {
			isa = PBXGroup;
			children = (
				8687BADE1BDF966700BFE906 /* Sushi_GameUITests.swift */,
				8687BAE01BDF966700BFE906 /* Info.plist */,
			);
			path = Sushi_GameUITests;
			sourceTree = "<group>";
		};
		8687BAEE1BDF9B4300BFE906 /* assets */ = {
			isa = PBXGroup;
			children = (
				86C40C411C712EEF001DA002 /* bentobox_new.png */,
				8674AEE41C6F783D0041A7D3 /* sushi1.png */,
				8674AEE61C6F78430041A7D3 /* sushi2.png */,
				8674AEE81C6F784B0041A7D3 /* sushi3.png */,
				8693F1971C0483A8004FFB94 /* chopsticks.png */,
			);
			name = assets;
			sourceTree = "<group>";
		};
/* End PBXGroup section */

/* Begin PBXNativeTarget section */
		8687BABA1BDF966600BFE906 /* Sushi_Game */ = {
			isa = PBXNativeTarget;
			buildConfigurationList = 8687BAE31BDF966700BFE906 /* Build configuration list for PBXNativeTarget "Sushi_Game" */;
			buildPhases = (
				8687BAB71BDF966600BFE906 /* Sources */,
				8687BAB81BDF966600BFE906 /* Frameworks */,
				8687BAB91BDF966600BFE906 /* Resources */,
			);
			buildRules = (
			);
			dependencies = (
			);
			name = Sushi_Game;
			productName = Sushi_Game;
			productReference = 8687BABB1BDF966600BFE906 /* Sushi_Game.app */;
			productType = "com.apple.product-type.application";
		};
		8687BACE1BDF966700BFE906 /* Sushi_GameTests */ = {
			isa = PBXNativeTarget;
			buildConfigurationList = 8687BAE61BDF966700BFE906 /* Build configuration list for PBXNativeTarget "Sushi_GameTests" */;
			buildPhases = (
				8687BACB1BDF966700BFE906 /* Sources */,
				8687BACC1BDF966700BFE906 /* Frameworks */,
				8687BACD1BDF966700BFE906 /* Resources */,
			);
			buildRules = (
			);
			dependencies = (
				8687BAD11BDF966700BFE906 /* PBXTargetDependency */,
			);
			name = Sushi_GameTests;
			productName = Sushi_GameTests;
			productReference = 8687BACF1BDF966700BFE906 /* Sushi_GameTests.xctest */;
			productType = "com.apple.product-type.bundle.unit-test";
		};
		8687BAD91BDF966700BFE906 /* Sushi_GameUITests */ = {
			isa = PBXNativeTarget;
			buildConfigurationList = 8687BAE91BDF966700BFE906 /* Build configuration list for PBXNativeTarget "Sushi_GameUITests" */;
			buildPhases = (
				8687BAD61BDF966700BFE906 /* Sources */,
				8687BAD71BDF966700BFE906 /* Frameworks */,
				8687BAD81BDF966700BFE906 /* Resources */,
			);
			buildRules = (
			);
			dependencies = (
				8687BADC1BDF966700BFE906 /* PBXTargetDependency */,
			);
			name = Sushi_GameUITests;
			productName = Sushi_GameUITests;
			productReference = 8687BADA1BDF966700BFE906 /* Sushi_GameUITests.xctest */;
			productType = "com.apple.product-type.bundle.ui-testing";
		};
/* End PBXNativeTarget section */

/* Begin PBXProject section */
		8687BAB31BDF966600BFE906 /* Project object */ = {
			isa = PBXProject;
			attributes = {
				LastUpgradeCheck = 0700;
				ORGANIZATIONNAME = "Cedric Laier";
				TargetAttributes = {
					8687BABA1BDF966600BFE906 = {
						CreatedOnToolsVersion = 7.0.1;
					};
					8687BACE1BDF966700BFE906 = {
						CreatedOnToolsVersion = 7.0.1;
						TestTargetID = 8687BABA1BDF966600BFE906;
					};
					8687BAD91BDF966700BFE906 = {
						CreatedOnToolsVersion = 7.0.1;
						TestTargetID = 8687BABA1BDF966600BFE906;
					};
				};
			};
			buildConfigurationList = 8687BAB61BDF966600BFE906 /* Build configuration list for PBXProject "Sushi_Game" */;
			compatibilityVersion = "Xcode 3.2";
			developmentRegion = English;
			hasScannedForEncodings = 0;
			knownRegions = (
				en,
				Base,
			);
			mainGroup = 8687BAB21BDF966600BFE906;
			productRefGroup = 8687BABC1BDF966600BFE906 /* Products */;
			projectDirPath = "";
			projectRoot = "";
			targets = (
				8687BABA1BDF966600BFE906 /* Sushi_Game */,
				8687BACE1BDF966700BFE906 /* Sushi_GameTests */,
				8687BAD91BDF966700BFE906 /* Sushi_GameUITests */,
			);
		};
/* End PBXProject section */

/* Begin PBXResourcesBuildPhase section */
		8687BAB91BDF966600BFE906 /* Resources */ = {
			isa = PBXResourcesBuildPhase;
			buildActionMask = 2147483647;
			files = (
				8687BAC91BDF966600BFE906 /* LaunchScreen.storyboard in Resources */,
				8687BAC61BDF966600BFE906 /* Assets.xcassets in Resources */,
				8674AEE51C6F783D0041A7D3 /* sushi1.png in Resources */,
				86C40C421C712EEF001DA002 /* bentobox_new.png in Resources */,
				8687BAC41BDF966600BFE906 /* Main.storyboard in Resources */,
				8693F1981C0483A8004FFB94 /* chopsticks.png in Resources */,
				8674AEE71C6F78430041A7D3 /* sushi2.png in Resources */,
				8674AEE91C6F784B0041A7D3 /* sushi3.png in Resources */,
			);
			runOnlyForDeploymentPostprocessing = 0;
		};
		8687BACD1BDF966700BFE906 /* Resources */ = {
			isa = PBXResourcesBuildPhase;
			buildActionMask = 2147483647;
			files = (
			);
			runOnlyForDeploymentPostprocessing = 0;
		};
		8687BAD81BDF966700BFE906 /* Resources */ = {
			isa = PBXResourcesBuildPhase;
			buildActionMask = 2147483647;
			files = (
			);
			runOnlyForDeploymentPostprocessing = 0;
		};
/* End PBXResourcesBuildPhase section */

/* Begin PBXSourcesBuildPhase section */
		8687BAB71BDF966600BFE906 /* Sources */ = {
			isa = PBXSourcesBuildPhase;
			buildActionMask = 2147483647;
			files = (
				8687BAC11BDF966600BFE906 /* ViewController.swift in Sources */,
				8687BABF1BDF966600BFE906 /* AppDelegate.swift in Sources */,
			);
			runOnlyForDeploymentPostprocessing = 0;
		};
		8687BACB1BDF966700BFE906 /* Sources */ = {
			isa = PBXSourcesBuildPhase;
			buildActionMask = 2147483647;
			files = (
			);
			runOnlyForDeploymentPostprocessing = 0;
		};
		8687BAD61BDF966700BFE906 /* Sources */ = {
			isa = PBXSourcesBuildPhase;
			buildActionMask = 2147483647;
			files = (
				8687BADF1BDF966700BFE906 /* Sushi_GameUITests.swift in Sources */,
			);
			runOnlyForDeploymentPostprocessing = 0;
		};
/* End PBXSourcesBuildPhase section */

/* Begin PBXTargetDependency section */
		8687BAD11BDF966700BFE906 /* PBXTargetDependency */ = {
			isa = PBXTargetDependency;
			target = 8687BABA1BDF966600BFE906 /* Sushi_Game */;
			targetProxy = 8687BAD01BDF966700BFE906 /* PBXContainerItemProxy */;
		};
		8687BADC1BDF966700BFE906 /* PBXTargetDependency */ = {
			isa = PBXTargetDependency;
			target = 8687BABA1BDF966600BFE906 /* Sushi_Game */;
			targetProxy = 8687BADB1BDF966700BFE906 /* PBXContainerItemProxy */;
		};
/* End PBXTargetDependency section */

/* Begin PBXVariantGroup section */
		8687BAC21BDF966600BFE906 /* Main.storyboard */ = {
			isa = PBXVariantGroup;
			children = (
				8687BAC31BDF966600BFE906 /* Base */,
			);
			name = Main.storyboard;
			sourceTree = "<group>";
		};
		8687BAC71BDF966600BFE906 /* LaunchScreen.storyboard */ = {
			isa = PBXVariantGroup;
			children = (
				8687BAC81BDF966600BFE906 /* Base */,
			);
			name = LaunchScreen.storyboard;
			sourceTree = "<group>";
		};
/* End PBXVariantGroup section */

/* Begin XCBuildConfiguration section */
		8687BAE11BDF966700BFE906 /* Debug */ = {
			isa = XCBuildConfiguration;
			buildSettings = {
				ALWAYS_SEARCH_USER_PATHS = NO;
				CLANG_CXX_LANGUAGE_STANDARD = "gnu++0x";
				CLANG_CXX_LIBRARY = "libc++";
				CLANG_ENABLE_MODULES = YES;
				CLANG_ENABLE_OBJC_ARC = YES;
				CLANG_WARN_BOOL_CONVERSION = YES;
				CLANG_WARN_CONSTANT_CONVERSION = YES;
				CLANG_WARN_DIRECT_OBJC_ISA_USAGE = YES_ERROR;
				CLANG_WARN_EMPTY_BODY = YES;
				CLANG_WARN_ENUM_CONVERSION = YES;
				CLANG_WARN_INT_CONVERSION = YES;
				CLANG_WARN_OBJC_ROOT_CLASS = YES_ERROR;
				CLANG_WARN_UNREACHABLE_CODE = YES;
				CLANG_WARN__DUPLICATE_METHOD_MATCH = YES;
				"CODE_SIGN_IDENTITY[sdk=iphoneos*]" = "iPhone Developer";
				COPY_PHASE_STRIP = NO;
				DEBUG_INFORMATION_FORMAT = dwarf;
				ENABLE_STRICT_OBJC_MSGSEND = YES;
				ENABLE_TESTABILITY = YES;
				GCC_C_LANGUAGE_STANDARD = gnu99;
				GCC_DYNAMIC_NO_PIC = NO;
				GCC_NO_COMMON_BLOCKS = YES;
				GCC_OPTIMIZATION_LEVEL = 0;
				GCC_PREPROCESSOR_DEFINITIONS = (
					"DEBUG=1",
					"$(inherited)",
				);
				GCC_WARN_64_TO_32_BIT_CONVERSION = YES;
				GCC_WARN_ABOUT_RETURN_TYPE = YES_ERROR;
				GCC_WARN_UNDECLARED_SELECTOR = YES;
				GCC_WARN_UNINITIALIZED_AUTOS = YES_AGGRESSIVE;
				GCC_WARN_UNUSED_FUNCTION = YES;
				GCC_WARN_UNUSED_VARIABLE = YES;
				IPHONEOS_DEPLOYMENT_TARGET = 9.0;
				MTL_ENABLE_DEBUG_INFO = YES;
				ONLY_ACTIVE_ARCH = YES;
				SDKROOT = iphoneos;
				SWIFT_OPTIMIZATION_LEVEL = "-Onone";
			};
			name = Debug;
		};
		8687BAE21BDF966700BFE906 /* Release */ = {
			isa = XCBuildConfiguration;
			buildSettings = {
				ALWAYS_SEARCH_USER_PATHS = NO;
				CLANG_CXX_LANGUAGE_STANDARD = "gnu++0x";
				CLANG_CXX_LIBRARY = "libc++";
				CLANG_ENABLE_MODULES = YES;
				CLANG_ENABLE_OBJC_ARC = YES;
				CLANG_WARN_BOOL_CONVERSION = YES;
				CLANG_WARN_CONSTANT_CONVERSION = YES;
				CLANG_WARN_DIRECT_OBJC_ISA_USAGE = YES_ERROR;
				CLANG_WARN_EMPTY_BODY = YES;
				CLANG_WARN_ENUM_CONVERSION = YES;
				CLANG_WARN_INT_CONVERSION = YES;
				CLANG_WARN_OBJC_ROOT_CLASS = YES_ERROR;
				CLANG_WARN_UNREACHABLE_CODE = YES;
				CLANG_WARN__DUPLICATE_METHOD_MATCH = YES;
				"CODE_SIGN_IDENTITY[sdk=iphoneos*]" = "iPhone Developer";
				COPY_PHASE_STRIP = NO;
				DEBUG_INFORMATION_FORMAT = "dwarf-with-dsym";
				ENABLE_NS_ASSERTIONS = NO;
				ENABLE_STRICT_OBJC_MSGSEND = YES;
				GCC_C_LANGUAGE_STANDARD = gnu99;
				GCC_NO_COMMON_BLOCKS = YES;
				GCC_WARN_64_TO_32_BIT_CONVERSION = YES;
				GCC_WARN_ABOUT_RETURN_TYPE = YES_ERROR;
				GCC_WARN_UNDECLARED_SELECTOR = YES;
				GCC_WARN_UNINITIALIZED_AUTOS = YES_AGGRESSIVE;
				GCC_WARN_UNUSED_FUNCTION = YES;
				GCC_WARN_UNUSED_VARIABLE = YES;
				IPHONEOS_DEPLOYMENT_TARGET = 9.0;
				MTL_ENABLE_DEBUG_INFO = NO;
				SDKROOT = iphoneos;
				VALIDATE_PRODUCT = YES;
			};
			name = Release;
		};
		8687BAE41BDF966700BFE906 /* Debug */ = {
			isa = XCBuildConfiguration;
			buildSettings = {
				ASSETCATALOG_COMPILER_APPICON_NAME = AppIcon;
				INFOPLIST_FILE = Sushi_Game/Info.plist;
				LD_RUNPATH_SEARCH_PATHS = "$(inherited) @executable_path/Frameworks";
				PRODUCT_BUNDLE_IDENTIFIER = "com.mbrqcqpp.Sushi-Game";
				PRODUCT_NAME = "$(TARGET_NAME)";
			};
			name = Debug;
		};
		8687BAE51BDF966700BFE906 /* Release */ = {
			isa = XCBuildConfiguration;
			buildSettings = {
				ASSETCATALOG_COMPILER_APPICON_NAME = AppIcon;
				INFOPLIST_FILE = Sushi_Game/Info.plist;
				LD_RUNPATH_SEARCH_PATHS = "$(inherited) @executable_path/Frameworks";
				PRODUCT_BUNDLE_IDENTIFIER = "com.mbrqcqpp.Sushi-Game";
				PRODUCT_NAME = "$(TARGET_NAME)";
			};
			name = Release;
		};
		8687BAE71BDF966700BFE906 /* Debug */ = {
			isa = XCBuildConfiguration;
			buildSettings = {
				BUNDLE_LOADER = "$(TEST_HOST)";
				INFOPLIST_FILE = Sushi_GameTests/Info.plist;
				LD_RUNPATH_SEARCH_PATHS = "$(inherited) @executable_path/Frameworks @loader_path/Frameworks";
				PRODUCT_BUNDLE_IDENTIFIER = "com.mbrqcqpp.Sushi-GameTests";
				PRODUCT_NAME = "$(TARGET_NAME)";
				TEST_HOST = "$(BUILT_PRODUCTS_DIR)/Sushi_Game.app/Sushi_Game";
			};
			name = Debug;
		};
		8687BAE81BDF966700BFE906 /* Release */ = {
			isa = XCBuildConfiguration;
			buildSettings = {
				BUNDLE_LOADER = "$(TEST_HOST)";
				INFOPLIST_FILE = Sushi_GameTests/Info.plist;
				LD_RUNPATH_SEARCH_PATHS = "$(inherited) @executable_path/Frameworks @loader_path/Frameworks";
				PRODUCT_BUNDLE_IDENTIFIER = "com.mbrqcqpp.Sushi-GameTests";
				PRODUCT_NAME = "$(TARGET_NAME)";
				TEST_HOST = "$(BUILT_PRODUCTS_DIR)/Sushi_Game.app/Sushi_Game";
			};
			name = Release;
		};
		8687BAEA1BDF966700BFE906 /* Debug */ = {
			isa = XCBuildConfiguration;
			buildSettings = {
				INFOPLIST_FILE = Sushi_GameUITests/Info.plist;
				LD_RUNPATH_SEARCH_PATHS = "$(inherited) @executable_path/Frameworks @loader_path/Frameworks";
				PRODUCT_BUNDLE_IDENTIFIER = "com.mbrqcqpp.Sushi-GameUITests";
				PRODUCT_NAME = "$(TARGET_NAME)";
				TEST_TARGET_NAME = Sushi_Game;
				USES_XCTRUNNER = YES;
			};
			name = Debug;
		};
		8687BAEB1BDF966700BFE906 /* Release */ = {
			isa = XCBuildConfiguration;
			buildSettings = {
				INFOPLIST_FILE = Sushi_GameUITests/Info.plist;
				LD_RUNPATH_SEARCH_PATHS = "$(inherited) @executable_path/Frameworks @loader_path/Frameworks";
				PRODUCT_BUNDLE_IDENTIFIER = "com.mbrqcqpp.Sushi-GameUITests";
				PRODUCT_NAME = "$(TARGET_NAME)";
				TEST_TARGET_NAME = Sushi_Game;
				USES_XCTRUNNER = YES;
			};
			name = Release;
		};
/* End XCBuildConfiguration section */

/* Begin XCConfigurationList section */
		8687BAB61BDF966600BFE906 /* Build configuration list for PBXProject "Sushi_Game" */ = {
			isa = XCConfigurationList;
			buildConfigurations = (
				8687BAE11BDF966700BFE906 /* Debug */,
				8687BAE21BDF966700BFE906 /* Release */,
			);
			defaultConfigurationIsVisible = 0;
			defaultConfigurationName = Release;
		};
		8687BAE31BDF966700BFE906 /* Build configuration list for PBXNativeTarget "Sushi_Game" */ = {
			isa = XCConfigurationList;
			buildConfigurations = (
				8687BAE41BDF966700BFE906 /* Debug */,
				8687BAE51BDF966700BFE906 /* Release */,
			);
			defaultConfigurationIsVisible = 0;
			defaultConfigurationName = Release;
		};
		8687BAE61BDF966700BFE906 /* Build configuration list for PBXNativeTarget "Sushi_GameTests" */ = {
			isa = XCConfigurationList;
			buildConfigurations = (
				8687BAE71BDF966700BFE906 /* Debug */,
				8687BAE81BDF966700BFE906 /* Release */,
			);
			defaultConfigurationIsVisible = 0;
			defaultConfigurationName = Release;
		};
		8687BAE91BDF966700BFE906 /* Build configuration list for PBXNativeTarget "Sushi_GameUITests" */ = {
			isa = XCConfigurationList;
			buildConfigurations = (
				8687BAEA1BDF966700BFE906 /* Debug */,
				8687BAEB1BDF966700BFE906 /* Release */,
			);
			defaultConfigurationIsVisible = 0;
			defaultConfigurationName = Release;
		};
/* End XCConfigurationList section */
	};
	rootObject = 8687BAB31BDF966600BFE906 /* Project object */;
}
